
Microsoft Visual Studio Solution File, Format Version 12.00
# Visual Studio Version 16
VisualStudioVersion = 16.0.31005.135
MinimumVisualStudioVersion = 10.0.40219.1
Project("{FAE04EC0-301F-11D3-BF4B-00C04F79EFBC}") = "Canducci.EntityFramework.Operation", "Canducci.EntityFramework.Operation\Canducci.EntityFramework.Operation.csproj", "{4BD8085F-BA16-4C64-BBCC-B9F0AF2134DD}"
EndProject
Project("{FAE04EC0-301F-11D3-BF4B-00C04F79EFBC}") = "ConsoleAppTest", "ConsoleAppTest\ConsoleAppTest.csproj", "{00C70831-8871-4DAD-B391-40AFAB8B63B4}"
EndProject
Global
	GlobalSection(SolutionConfigurationPlatforms) = preSolution
		Debug|Any CPU = Debug|Any CPU
		Release|Any CPU = Release|Any CPU
	EndGlobalSection
	GlobalSection(ProjectConfigurationPlatforms) = postSolution
		{4BD8085F-BA16-4C64-BBCC-B9F0AF2134DD}.Debug|Any CPU.ActiveCfg = Debug|Any CPU
		{4BD8085F-BA16-4C64-BBCC-B9F0AF2134DD}.Debug|Any CPU.Build.0 = Debug|Any CPU
		{4BD8085F-BA16-4C64-BBCC-B9F0AF2134DD}.Release|Any CPU.ActiveCfg = Release|Any CPU
		{4BD8085F-BA16-4C64-BBCC-B9F0AF2134DD}.Release|Any CPU.Build.0 = Release|Any CPU
		{00C70831-8871-4DAD-B391-40AFAB8B63B4}.Debug|Any CPU.ActiveCfg = Debug|Any CPU
		{00C70831-8871-4DAD-B391-40AFAB8B63B4}.Debug|Any CPU.Build.0 = Debug|Any CPU
		{00C70831-8871-4DAD-B391-40AFAB8B63B4}.Release|Any CPU.ActiveCfg = Release|Any CPU
		{00C70831-8871-4DAD-B391-40AFAB8B63B4}.Release|Any CPU.Build.0 = Release|Any CPU
	EndGlobalSection
	GlobalSection(SolutionProperties) = preSolution
		HideSolutionNode = FALSE
	EndGlobalSection
	GlobalSection(ExtensibilityGlobals) = postSolution
		SolutionGuid = {CF17D41C-0702-4C1B-B59E-DFC97056E424}
	EndGlobalSection
EndGlobal
